
Microsoft Visual Studio Solution File, Format Version 12.00
# Visual Studio Version 16
VisualStudioVersion = 16.0.31424.327
MinimumVisualStudioVersion = 10.0.40219.1
Project("{FAE04EC0-301F-11D3-BF4B-00C04F79EFBC}") = "CA problem", "CA problem.csproj", "{20A29D9D-F84E-4F0F-8FF4-B3EB3353E049}"
EndProject
Global
	GlobalSection(SolutionConfigurationPlatforms) = preSolution
		Debug|Any CPU = Debug|Any CPU
		Release|Any CPU = Release|Any CPU
	EndGlobalSection
	GlobalSection(ProjectConfigurationPlatforms) = postSolution
		{20A29D9D-F84E-4F0F-8FF4-B3EB3353E049}.Debug|Any CPU.ActiveCfg = Debug|Any CPU
		{20A29D9D-F84E-4F0F-8FF4-B3EB3353E049}.Debug|Any CPU.Build.0 = Debug|Any CPU
		{20A29D9D-F84E-4F0F-8FF4-B3EB3353E049}.Release|Any CPU.ActiveCfg = Release|Any CPU
		{20A29D9D-F84E-4F0F-8FF4-B3EB3353E049}.Release|Any CPU.Build.0 = Release|Any CPU
	EndGlobalSection
	GlobalSection(SolutionProperties) = preSolution
		HideSolutionNode = FALSE
	EndGlobalSection
	GlobalSection(ExtensibilityGlobals) = postSolution
		SolutionGuid = {70CB1034-14F8-4CA2-9ED6-88107DFC3888}
	EndGlobalSection
EndGlobal
